
Microsoft Visual Studio Solution File, Format Version 12.00
# Visual Studio 15
VisualStudioVersion = 15.0.28307.489
MinimumVisualStudioVersion = 10.0.40219.1
Project("{FAE04EC0-301F-11D3-BF4B-00C04F79EFBC}") = "DaySix", "DaySix\DaySix.csproj", "{DAE3DC6A-F5ED-46AC-9453-6FBAB2814C04}"
EndProject
Global
	GlobalSection(SolutionConfigurationPlatforms) = preSolution
		Debug|Any CPU = Debug|Any CPU
		Release|Any CPU = Release|Any CPU
	EndGlobalSection
	GlobalSection(ProjectConfigurationPlatforms) = postSolution
		{DAE3DC6A-F5ED-46AC-9453-6FBAB2814C04}.Debug|Any CPU.ActiveCfg = Debug|Any CPU
		{DAE3DC6A-F5ED-46AC-9453-6FBAB2814C04}.Debug|Any CPU.Build.0 = Debug|Any CPU
		{DAE3DC6A-F5ED-46AC-9453-6FBAB2814C04}.Release|Any CPU.ActiveCfg = Release|Any CPU
		{DAE3DC6A-F5ED-46AC-9453-6FBAB2814C04}.Release|Any CPU.Build.0 = Release|Any CPU
	EndGlobalSection
	GlobalSection(SolutionProperties) = preSolution
		HideSolutionNode = FALSE
	EndGlobalSection
	GlobalSection(ExtensibilityGlobals) = postSolution
		SolutionGuid = {F5D6E138-A0AA-462B-A8EE-9CDBF758E434}
	EndGlobalSection
EndGlobal
