
Microsoft Visual Studio Solution File, Format Version 12.00
# Visual Studio 15
VisualStudioVersion = 15.0.28010.2048
MinimumVisualStudioVersion = 10.0.40219.1
Project("{FAE04EC0-301F-11D3-BF4B-00C04F79EFBC}") = "DayThree", "DayThree\DayThree.csproj", "{9300D9EC-DE6A-4530-A26B-5DB3D59C14B5}"
EndProject
Global
	GlobalSection(SolutionConfigurationPlatforms) = preSolution
		Debug|Any CPU = Debug|Any CPU
		Release|Any CPU = Release|Any CPU
	EndGlobalSection
	GlobalSection(ProjectConfigurationPlatforms) = postSolution
		{9300D9EC-DE6A-4530-A26B-5DB3D59C14B5}.Debug|Any CPU.ActiveCfg = Debug|Any CPU
		{9300D9EC-DE6A-4530-A26B-5DB3D59C14B5}.Debug|Any CPU.Build.0 = Debug|Any CPU
		{9300D9EC-DE6A-4530-A26B-5DB3D59C14B5}.Release|Any CPU.ActiveCfg = Release|Any CPU
		{9300D9EC-DE6A-4530-A26B-5DB3D59C14B5}.Release|Any CPU.Build.0 = Release|Any CPU
	EndGlobalSection
	GlobalSection(SolutionProperties) = preSolution
		HideSolutionNode = FALSE
	EndGlobalSection
	GlobalSection(ExtensibilityGlobals) = postSolution
		SolutionGuid = {60557225-402D-4E72-853A-1C1576A1CD37}
	EndGlobalSection
EndGlobal
